
Microsoft Visual Studio Solution File, Format Version 12.00
# Visual Studio 15
VisualStudioVersion = 15.0.27130.2027
MinimumVisualStudioVersion = 10.0.40219.1
Project("{E53339B2-1760-4266-BCC7-CA923CBCF16C}") = "docker-compose", "docker-compose.dcproj", "{ED4F659F-1E45-45A4-896C-FB26FAD69802}"
EndProject
Project("{9A19103F-16F7-4668-BE54-9A1E7A4F7556}") = "Witivio.JBot.Host", "Witivio.JBot.Host\Witivio.JBot.Host.csproj", "{F80C054A-6DDF-4DB1-AB86-4C806A8F3E3F}"
EndProject
Project("{FAE04EC0-301F-11D3-BF4B-00C04F79EFBC}") = "Witivio.JBot.Core", "Witivio.JBot.Core\Witivio.JBot.Core.csproj", "{E6554CBF-675B-41A5-9AE2-0889B3F70F6B}"
EndProject
Project("{2150E333-8FDC-42A3-9474-1A3956D46DE8}") = "Solution Items", "Solution Items", "{8A861161-B5C1-4756-B732-A7BE47507D4C}"
EndProject
Project("{FAE04EC0-301F-11D3-BF4B-00C04F79EFBC}") = "S22.Xmpp", "C:\Users\corentin\Downloads\S22.Xmpp-master\S22.Xmpp-master\S22.Xmpp.csproj", "{9EA99E39-8C5C-4F69-9F3F-8E3074C518FA}"
EndProject
Global
	GlobalSection(SolutionConfigurationPlatforms) = preSolution
		Debug|Any CPU = Debug|Any CPU
		Release|Any CPU = Release|Any CPU
	EndGlobalSection
	GlobalSection(ProjectConfigurationPlatforms) = postSolution
		{ED4F659F-1E45-45A4-896C-FB26FAD69802}.Debug|Any CPU.ActiveCfg = Debug|Any CPU
		{ED4F659F-1E45-45A4-896C-FB26FAD69802}.Debug|Any CPU.Build.0 = Debug|Any CPU
		{ED4F659F-1E45-45A4-896C-FB26FAD69802}.Release|Any CPU.ActiveCfg = Release|Any CPU
		{ED4F659F-1E45-45A4-896C-FB26FAD69802}.Release|Any CPU.Build.0 = Release|Any CPU
		{F80C054A-6DDF-4DB1-AB86-4C806A8F3E3F}.Debug|Any CPU.ActiveCfg = Debug|Any CPU
		{F80C054A-6DDF-4DB1-AB86-4C806A8F3E3F}.Debug|Any CPU.Build.0 = Debug|Any CPU
		{F80C054A-6DDF-4DB1-AB86-4C806A8F3E3F}.Release|Any CPU.ActiveCfg = Release|Any CPU
		{F80C054A-6DDF-4DB1-AB86-4C806A8F3E3F}.Release|Any CPU.Build.0 = Release|Any CPU
		{E6554CBF-675B-41A5-9AE2-0889B3F70F6B}.Debug|Any CPU.ActiveCfg = Debug|Any CPU
		{E6554CBF-675B-41A5-9AE2-0889B3F70F6B}.Debug|Any CPU.Build.0 = Debug|Any CPU
		{E6554CBF-675B-41A5-9AE2-0889B3F70F6B}.Release|Any CPU.ActiveCfg = Release|Any CPU
		{E6554CBF-675B-41A5-9AE2-0889B3F70F6B}.Release|Any CPU.Build.0 = Release|Any CPU
		{9EA99E39-8C5C-4F69-9F3F-8E3074C518FA}.Debug|Any CPU.ActiveCfg = Debug|Any CPU
		{9EA99E39-8C5C-4F69-9F3F-8E3074C518FA}.Debug|Any CPU.Build.0 = Debug|Any CPU
		{9EA99E39-8C5C-4F69-9F3F-8E3074C518FA}.Release|Any CPU.ActiveCfg = Release|Any CPU
		{9EA99E39-8C5C-4F69-9F3F-8E3074C518FA}.Release|Any CPU.Build.0 = Release|Any CPU
	EndGlobalSection
	GlobalSection(SolutionProperties) = preSolution
		HideSolutionNode = FALSE
	EndGlobalSection
	GlobalSection(ExtensibilityGlobals) = postSolution
		SolutionGuid = {66691464-3DF0-461E-A8DF-9F4C43D3909C}
	EndGlobalSection
	GlobalSection(Performance) = preSolution
		HasPerformanceSessions = true
	EndGlobalSection
EndGlobal
